
Microsoft Visual Studio Solution File, Format Version 12.00
# Visual Studio Version 17
VisualStudioVersion = 17.8.34525.116
MinimumVisualStudioVersion = 10.0.40219.1
Project("{FAE04EC0-301F-11D3-BF4B-00C04F79EFBC}") = "FUNCIONACARALHOPFVR", "FUNCIONACARALHOPFVR\FUNCIONACARALHOPFVR.csproj", "{BA221B89-82FA-4A4E-ACD2-7A47D82EC08F}"
EndProject
Global
	GlobalSection(SolutionConfigurationPlatforms) = preSolution
		Debug|Any CPU = Debug|Any CPU
		Release|Any CPU = Release|Any CPU
	EndGlobalSection
	GlobalSection(ProjectConfigurationPlatforms) = postSolution
		{BA221B89-82FA-4A4E-ACD2-7A47D82EC08F}.Debug|Any CPU.ActiveCfg = Debug|Any CPU
		{BA221B89-82FA-4A4E-ACD2-7A47D82EC08F}.Debug|Any CPU.Build.0 = Debug|Any CPU
		{BA221B89-82FA-4A4E-ACD2-7A47D82EC08F}.Release|Any CPU.ActiveCfg = Release|Any CPU
		{BA221B89-82FA-4A4E-ACD2-7A47D82EC08F}.Release|Any CPU.Build.0 = Release|Any CPU
	EndGlobalSection
	GlobalSection(SolutionProperties) = preSolution
		HideSolutionNode = FALSE
	EndGlobalSection
	GlobalSection(ExtensibilityGlobals) = postSolution
		SolutionGuid = {F7B25B0C-4B94-4F27-B0A7-2490EF6C2DDB}
	EndGlobalSection
EndGlobal
